
Microsoft Visual Studio Solution File, Format Version 12.00
# Visual Studio Version 16
VisualStudioVersion = 16.0.30717.126
MinimumVisualStudioVersion = 10.0.40219.1
Project("{FAE04EC0-301F-11D3-BF4B-00C04F79EFBC}") = "ConsoleApp15", "ConsoleApp15\ConsoleApp15.csproj", "{88251177-25DA-4607-A565-5704A466EC61}"
EndProject
Global
	GlobalSection(SolutionConfigurationPlatforms) = preSolution
		Debug|Any CPU = Debug|Any CPU
		Release|Any CPU = Release|Any CPU
	EndGlobalSection
	GlobalSection(ProjectConfigurationPlatforms) = postSolution
		{88251177-25DA-4607-A565-5704A466EC61}.Debug|Any CPU.ActiveCfg = Debug|Any CPU
		{88251177-25DA-4607-A565-5704A466EC61}.Debug|Any CPU.Build.0 = Debug|Any CPU
		{88251177-25DA-4607-A565-5704A466EC61}.Release|Any CPU.ActiveCfg = Release|Any CPU
		{88251177-25DA-4607-A565-5704A466EC61}.Release|Any CPU.Build.0 = Release|Any CPU
	EndGlobalSection
	GlobalSection(SolutionProperties) = preSolution
		HideSolutionNode = FALSE
	EndGlobalSection
	GlobalSection(ExtensibilityGlobals) = postSolution
		SolutionGuid = {4AA75537-91AE-44E6-AD12-D017838CD0A6}
	EndGlobalSection
EndGlobal
